
Microsoft Visual Studio Solution File, Format Version 12.00
# Visual Studio 15
VisualStudioVersion = 15.0.28307.329
MinimumVisualStudioVersion = 10.0.40219.1
Project("{FAE04EC0-301F-11D3-BF4B-00C04F79EFBC}") = "ParsePptTester", "ParsePptTester\ParsePptTester.csproj", "{00451782-5339-4E3E-91E1-08251B93062E}"
EndProject
Project("{FAE04EC0-301F-11D3-BF4B-00C04F79EFBC}") = "ParsePpt", "..\ParsePpt\ParsePpt\ParsePpt.csproj", "{9934A315-F4B8-4CD0-8E75-46FBD330DE89}"
EndProject
Global
	GlobalSection(SolutionConfigurationPlatforms) = preSolution
		Debug|Any CPU = Debug|Any CPU
		Release|Any CPU = Release|Any CPU
	EndGlobalSection
	GlobalSection(ProjectConfigurationPlatforms) = postSolution
		{00451782-5339-4E3E-91E1-08251B93062E}.Debug|Any CPU.ActiveCfg = Debug|Any CPU
		{00451782-5339-4E3E-91E1-08251B93062E}.Debug|Any CPU.Build.0 = Debug|Any CPU
		{00451782-5339-4E3E-91E1-08251B93062E}.Release|Any CPU.ActiveCfg = Release|Any CPU
		{00451782-5339-4E3E-91E1-08251B93062E}.Release|Any CPU.Build.0 = Release|Any CPU
		{9934A315-F4B8-4CD0-8E75-46FBD330DE89}.Debug|Any CPU.ActiveCfg = Debug|Any CPU
		{9934A315-F4B8-4CD0-8E75-46FBD330DE89}.Debug|Any CPU.Build.0 = Debug|Any CPU
		{9934A315-F4B8-4CD0-8E75-46FBD330DE89}.Release|Any CPU.ActiveCfg = Release|Any CPU
		{9934A315-F4B8-4CD0-8E75-46FBD330DE89}.Release|Any CPU.Build.0 = Release|Any CPU
	EndGlobalSection
	GlobalSection(SolutionProperties) = preSolution
		HideSolutionNode = FALSE
	EndGlobalSection
	GlobalSection(ExtensibilityGlobals) = postSolution
		SolutionGuid = {7897D429-28CD-401A-935E-9DB2920B4A10}
	EndGlobalSection
EndGlobal
